
Microsoft Visual Studio Solution File, Format Version 12.00
# Visual Studio Version 17
VisualStudioVersion = 17.9.34728.123
MinimumVisualStudioVersion = 10.0.40219.1
Project("{FAE04EC0-301F-11D3-BF4B-00C04F79EFBC}") = "CapaConexion", "CapaConexion\CapaConexion.csproj", "{6687F4A8-6F61-42F4-910B-9DBDA0DAEA71}"
EndProject
Project("{FAE04EC0-301F-11D3-BF4B-00C04F79EFBC}") = "CapaDatos", "datoslayer\CapaDatos.csproj", "{23082A45-6D08-458E-A56C-E7F1966C4387}"
EndProject
Global
	GlobalSection(SolutionConfigurationPlatforms) = preSolution
		Debug|Any CPU = Debug|Any CPU
		Release|Any CPU = Release|Any CPU
	EndGlobalSection
	GlobalSection(ProjectConfigurationPlatforms) = postSolution
		{6687F4A8-6F61-42F4-910B-9DBDA0DAEA71}.Debug|Any CPU.ActiveCfg = Debug|Any CPU
		{6687F4A8-6F61-42F4-910B-9DBDA0DAEA71}.Debug|Any CPU.Build.0 = Debug|Any CPU
		{6687F4A8-6F61-42F4-910B-9DBDA0DAEA71}.Release|Any CPU.ActiveCfg = Release|Any CPU
		{6687F4A8-6F61-42F4-910B-9DBDA0DAEA71}.Release|Any CPU.Build.0 = Release|Any CPU
		{23082A45-6D08-458E-A56C-E7F1966C4387}.Debug|Any CPU.ActiveCfg = Debug|Any CPU
		{23082A45-6D08-458E-A56C-E7F1966C4387}.Debug|Any CPU.Build.0 = Debug|Any CPU
		{23082A45-6D08-458E-A56C-E7F1966C4387}.Release|Any CPU.ActiveCfg = Release|Any CPU
		{23082A45-6D08-458E-A56C-E7F1966C4387}.Release|Any CPU.Build.0 = Release|Any CPU
	EndGlobalSection
	GlobalSection(SolutionProperties) = preSolution
		HideSolutionNode = FALSE
	EndGlobalSection
	GlobalSection(ExtensibilityGlobals) = postSolution
		SolutionGuid = {274D948E-6943-4F45-A183-2F375CE3302A}
	EndGlobalSection
EndGlobal
